// !$*UTF8*$!
{
	archiveVersion = 1;
	classes = {
	};
	objectVersion = 77;
	objects = {

/* Begin PBXBuildFile section */
		A34AAFD62E0205C1007C9AD3 /* OBD2Client.swift in Sources */ = {isa = PBXBuildFile; fileRef = A34AAFD52E020301007C9AD3 /* OBD2Client.swift */; };
		A34AAFDB2E022BFE007C9AD3 /* OBD2Client+ScanDTC.swift in Sources */ = {isa = PBXBuildFile; fileRef = A34AAFDA2E022BEB007C9AD3 /* OBD2Client+ScanDTC.swift */; };
/* End PBXBuildFile section */

/* Begin PBXContainerItemProxy section */
		A3BE952E2DFFC8D900DB9004 /* PBXContainerItemProxy */ = {
			isa = PBXContainerItemProxy;
			containerPortal = A3BE95182DFFC8D800DB9004 /* Project object */;
			proxyType = 1;
			remoteGlobalIDString = A3BE951F2DFFC8D800DB9004;
			remoteInfo = DriveSafe;
		};
		A3BE95382DFFC8D900DB9004 /* PBXContainerItemProxy */ = {
			isa = PBXContainerItemProxy;
			containerPortal = A3BE95182DFFC8D800DB9004 /* Project object */;
			proxyType = 1;
			remoteGlobalIDString = A3BE951F2DFFC8D800DB9004;
			remoteInfo = DriveSafe;
		};
/* End PBXContainerItemProxy section */

/* Begin PBXFileReference section */
		A34AAFD52E020301007C9AD3 /* OBD2Client.swift */ = {isa = PBXFileReference; lastKnownFileType = sourcecode.swift; path = OBD2Client.swift; sourceTree = "<group>"; };
		A34AAFDA2E022BEB007C9AD3 /* OBD2Client+ScanDTC.swift */ = {isa = PBXFileReference; lastKnownFileType = sourcecode.swift; path = "OBD2Client+ScanDTC.swift"; sourceTree = "<group>"; };
		A3BE95202DFFC8D800DB9004 /* DriveSafe.app */ = {isa = PBXFileReference; explicitFileType = wrapper.application; includeInIndex = 0; path = DriveSafe.app; sourceTree = BUILT_PRODUCTS_DIR; };
		A3BE952D2DFFC8D900DB9004 /* DriveSafeTests.xctest */ = {isa = PBXFileReference; explicitFileType = wrapper.cfbundle; includeInIndex = 0; path = DriveSafeTests.xctest; sourceTree = BUILT_PRODUCTS_DIR; };
		A3BE95372DFFC8D900DB9004 /* DriveSafeUITests.xctest */ = {isa = PBXFileReference; explicitFileType = wrapper.cfbundle; includeInIndex = 0; path = DriveSafeUITests.xctest; sourceTree = BUILT_PRODUCTS_DIR; };
/* End PBXFileReference section */

/* Begin PBXFileSystemSynchronizedRootGroup section */
		A3BE95222DFFC8D800DB9004 /* DriveSafe */ = {
			isa = PBXFileSystemSynchronizedRootGroup;
			path = DriveSafe;
			sourceTree = "<group>";
		};
		A3BE95302DFFC8D900DB9004 /* DriveSafeTests */ = {
			isa = PBXFileSystemSynchronizedRootGroup;
			path = DriveSafeTests;
			sourceTree = "<group>";
		};
		A3BE953A2DFFC8D900DB9004 /* DriveSafeUITests */ = {
			isa = PBXFileSystemSynchronizedRootGroup;
			path = DriveSafeUITests;
			sourceTree = "<group>";
		};
/* End PBXFileSystemSynchronizedRootGroup section */

/* Begin PBXFrameworksBuildPhase section */
		A3BE951D2DFFC8D800DB9004 /* Frameworks */ = {
			isa = PBXFrameworksBuildPhase;
			buildActionMask = 2147483647;
			files = (
			);
			runOnlyForDeploymentPostprocessing = 0;
		};
		A3BE952A2DFFC8D900DB9004 /* Frameworks */ = {
			isa = PBXFrameworksBuildPhase;
			buildActionMask = 2147483647;
			files = (
			);
			runOnlyForDeploymentPostprocessing = 0;
		};
		A3BE95342DFFC8D900DB9004 /* Frameworks */ = {
			isa = PBXFrameworksBuildPhase;
			buildActionMask = 2147483647;
			files = (
			);
			runOnlyForDeploymentPostprocessing = 0;
		};
/* End PBXFrameworksBuildPhase section */

/* Begin PBXGroup section */
		A34AAFD42E0202F6007C9AD3 /* Services */ = {
			isa = PBXGroup;
			children = (
				A34AAFDA2E022BEB007C9AD3 /* OBD2Client+ScanDTC.swift */,
				A34AAFD52E020301007C9AD3 /* OBD2Client.swift */,
			);
			path = Services;
			sourceTree = "<group>";
		};
		A3BE95172DFFC8D800DB9004 = {
			isa = PBXGroup;
			children = (
				A34AAFD42E0202F6007C9AD3 /* Services */,
				A3BE95222DFFC8D800DB9004 /* DriveSafe */,
				A3BE95302DFFC8D900DB9004 /* DriveSafeTests */,
				A3BE953A2DFFC8D900DB9004 /* DriveSafeUITests */,
				A3BE95212DFFC8D800DB9004 /* Products */,
			);
			sourceTree = "<group>";
		};
		A3BE95212DFFC8D800DB9004 /* Products */ = {
			isa = PBXGroup;
			children = (
				A3BE95202DFFC8D800DB9004 /* DriveSafe.app */,
				A3BE952D2DFFC8D900DB9004 /* DriveSafeTests.xctest */,
				A3BE95372DFFC8D900DB9004 /* DriveSafeUITests.xctest */,
			);
			name = Products;
			sourceTree = "<group>";
		};
/* End PBXGroup section */

/* Begin PBXNativeTarget section */
		A3BE951F2DFFC8D800DB9004 /* DriveSafe */ = {
			isa = PBXNativeTarget;
			buildConfigurationList = A3BE95412DFFC8D900DB9004 /* Build configuration list for PBXNativeTarget "DriveSafe" */;
			buildPhases = (
				A3BE951C2DFFC8D800DB9004 /* Sources */,
				A3BE951D2DFFC8D800DB9004 /* Frameworks */,
				A3BE951E2DFFC8D800DB9004 /* Resources */,
			);
			buildRules = (
			);
			dependencies = (
			);
			fileSystemSynchronizedGroups = (
				A3BE95222DFFC8D800DB9004 /* DriveSafe */,
			);
			name = DriveSafe;
			packageProductDependencies = (
			);
			productName = DriveSafe;
			productReference = A3BE95202DFFC8D800DB9004 /* DriveSafe.app */;
			productType = "com.apple.product-type.application";
		};
		A3BE952C2DFFC8D900DB9004 /* DriveSafeTests */ = {
			isa = PBXNativeTarget;
			buildConfigurationList = A3BE95442DFFC8D900DB9004 /* Build configuration list for PBXNativeTarget "DriveSafeTests" */;
			buildPhases = (
				A3BE95292DFFC8D900DB9004 /* Sources */,
				A3BE952A2DFFC8D900DB9004 /* Frameworks */,
				A3BE952B2DFFC8D900DB9004 /* Resources */,
			);
			buildRules = (
			);
			dependencies = (
				A3BE952F2DFFC8D900DB9004 /* PBXTargetDependency */,
			);
			fileSystemSynchronizedGroups = (
				A3BE95302DFFC8D900DB9004 /* DriveSafeTests */,
			);
			name = DriveSafeTests;
			packageProductDependencies = (
			);
			productName = DriveSafeTests;
			productReference = A3BE952D2DFFC8D900DB9004 /* DriveSafeTests.xctest */;
			productType = "com.apple.product-type.bundle.unit-test";
		};
		A3BE95362DFFC8D900DB9004 /* DriveSafeUITests */ = {
			isa = PBXNativeTarget;
			buildConfigurationList = A3BE95472DFFC8D900DB9004 /* Build configuration list for PBXNativeTarget "DriveSafeUITests" */;
			buildPhases = (
				A3BE95332DFFC8D900DB9004 /* Sources */,
				A3BE95342DFFC8D900DB9004 /* Frameworks */,
				A3BE95352DFFC8D900DB9004 /* Resources */,
			);
			buildRules = (
			);
			dependencies = (
				A3BE95392DFFC8D900DB9004 /* PBXTargetDependency */,
			);
			fileSystemSynchronizedGroups = (
				A3BE953A2DFFC8D900DB9004 /* DriveSafeUITests */,
			);
			name = DriveSafeUITests;
			packageProductDependencies = (
			);
			productName = DriveSafeUITests;
			productReference = A3BE95372DFFC8D900DB9004 /* DriveSafeUITests.xctest */;
			productType = "com.apple.product-type.bundle.ui-testing";
		};
/* End PBXNativeTarget section */

/* Begin PBXProject section */
		A3BE95182DFFC8D800DB9004 /* Project object */ = {
			isa = PBXProject;
			attributes = {
				BuildIndependentTargetsInParallel = 1;
				LastSwiftUpdateCheck = 2600;
				LastUpgradeCheck = 2600;
				TargetAttributes = {
					A3BE951F2DFFC8D800DB9004 = {
						CreatedOnToolsVersion = 26.0;
					};
					A3BE952C2DFFC8D900DB9004 = {
						CreatedOnToolsVersion = 26.0;
						TestTargetID = A3BE951F2DFFC8D800DB9004;
					};
					A3BE95362DFFC8D900DB9004 = {
						CreatedOnToolsVersion = 26.0;
						TestTargetID = A3BE951F2DFFC8D800DB9004;
					};
				};
			};
			buildConfigurationList = A3BE951B2DFFC8D800DB9004 /* Build configuration list for PBXProject "DriveSafe" */;
			developmentRegion = en;
			hasScannedForEncodings = 0;
			knownRegions = (
				en,
				Base,
			);
			mainGroup = A3BE95172DFFC8D800DB9004;
			minimizedProjectReferenceProxies = 1;
			preferredProjectObjectVersion = 77;
			productRefGroup = A3BE95212DFFC8D800DB9004 /* Products */;
			projectDirPath = "";
			projectRoot = "";
			targets = (
				A3BE951F2DFFC8D800DB9004 /* DriveSafe */,
				A3BE952C2DFFC8D900DB9004 /* DriveSafeTests */,
				A3BE95362DFFC8D900DB9004 /* DriveSafeUITests */,
			);
		};
/* End PBXProject section */

/* Begin PBXResourcesBuildPhase section */
		A3BE951E2DFFC8D800DB9004 /* Resources */ = {
			isa = PBXResourcesBuildPhase;
			buildActionMask = 2147483647;
			files = (
			);
			runOnlyForDeploymentPostprocessing = 0;
		};
		A3BE952B2DFFC8D900DB9004 /* Resources */ = {
			isa = PBXResourcesBuildPhase;
			buildActionMask = 2147483647;
			files = (
			);
			runOnlyForDeploymentPostprocessing = 0;
		};
		A3BE95352DFFC8D900DB9004 /* Resources */ = {
			isa = PBXResourcesBuildPhase;
			buildActionMask = 2147483647;
			files = (
			);
			runOnlyForDeploymentPostprocessing = 0;
		};
/* End PBXResourcesBuildPhase section */

/* Begin PBXSourcesBuildPhase section */
		A3BE951C2DFFC8D800DB9004 /* Sources */ = {
			isa = PBXSourcesBuildPhase;
			buildActionMask = 2147483647;
			files = (
				A34AAFD62E0205C1007C9AD3 /* OBD2Client.swift in Sources */,
				A34AAFDB2E022BFE007C9AD3 /* OBD2Client+ScanDTC.swift in Sources */,
			);
			runOnlyForDeploymentPostprocessing = 0;
		};
		A3BE95292DFFC8D900DB9004 /* Sources */ = {
			isa = PBXSourcesBuildPhase;
			buildActionMask = 2147483647;
			files = (
			);
			runOnlyForDeploymentPostprocessing = 0;
		};
		A3BE95332DFFC8D900DB9004 /* Sources */ = {
			isa = PBXSourcesBuildPhase;
			buildActionMask = 2147483647;
			files = (
			);
			runOnlyForDeploymentPostprocessing = 0;
		};
/* End PBXSourcesBuildPhase section */

/* Begin PBXTargetDependency section */
		A3BE952F2DFFC8D900DB9004 /* PBXTargetDependency */ = {
			isa = PBXTargetDependency;
			target = A3BE951F2DFFC8D800DB9004 /* DriveSafe */;
			targetProxy = A3BE952E2DFFC8D900DB9004 /* PBXContainerItemProxy */;
		};
		A3BE95392DFFC8D900DB9004 /* PBXTargetDependency */ = {
			isa = PBXTargetDependency;
			target = A3BE951F2DFFC8D800DB9004 /* DriveSafe */;
			targetProxy = A3BE95382DFFC8D900DB9004 /* PBXContainerItemProxy */;
		};
/* End PBXTargetDependency section */

/* Begin XCBuildConfiguration section */
		A3BE953F2DFFC8D900DB9004 /* Debug */ = {
			isa = XCBuildConfiguration;
			buildSettings = {
				ALWAYS_SEARCH_USER_PATHS = NO;
				ASSETCATALOG_COMPILER_GENERATE_SWIFT_ASSET_SYMBOL_EXTENSIONS = YES;
				CLANG_ANALYZER_NONNULL = YES;
				CLANG_ANALYZER_NUMBER_OBJECT_CONVERSION = YES_AGGRESSIVE;
				CLANG_CXX_LANGUAGE_STANDARD = "gnu++20";
				CLANG_ENABLE_MODULES = YES;
				CLANG_ENABLE_OBJC_ARC = YES;
				CLANG_ENABLE_OBJC_WEAK = YES;
				CLANG_WARN_BLOCK_CAPTURE_AUTORELEASING = YES;
				CLANG_WARN_BOOL_CONVERSION = YES;
				CLANG_WARN_COMMA = YES;
				CLANG_WARN_CONSTANT_CONVERSION = YES;
				CLANG_WARN_DEPRECATED_OBJC_IMPLEMENTATIONS = YES;
				CLANG_WARN_DIRECT_OBJC_ISA_USAGE = YES_ERROR;
				CLANG_WARN_DOCUMENTATION_COMMENTS = YES;
				CLANG_WARN_EMPTY_BODY = YES;
				CLANG_WARN_ENUM_CONVERSION = YES;
				CLANG_WARN_INFINITE_RECURSION = YES;
				CLANG_WARN_INT_CONVERSION = YES;
				CLANG_WARN_NON_LITERAL_NULL_CONVERSION = YES;
				CLANG_WARN_OBJC_IMPLICIT_RETAIN_SELF = YES;
				CLANG_WARN_OBJC_LITERAL_CONVERSION = YES;
				CLANG_WARN_OBJC_ROOT_CLASS = YES_ERROR;
				CLANG_WARN_QUOTED_INCLUDE_IN_FRAMEWORK_HEADER = YES;
				CLANG_WARN_RANGE_LOOP_ANALYSIS = YES;
				CLANG_WARN_STRICT_PROTOTYPES = YES;
				CLANG_WARN_SUSPICIOUS_MOVE = YES;
				CLANG_WARN_UNGUARDED_AVAILABILITY = YES_AGGRESSIVE;
				CLANG_WARN_UNREACHABLE_CODE = YES;
				CLANG_WARN__DUPLICATE_METHOD_MATCH = YES;
				COPY_PHASE_STRIP = NO;
				DEBUG_INFORMATION_FORMAT = dwarf;
				DEVELOPMENT_TEAM = N7Y49H98S3;
				ENABLE_STRICT_OBJC_MSGSEND = YES;
				ENABLE_TESTABILITY = YES;
				ENABLE_USER_SCRIPT_SANDBOXING = YES;
				GCC_C_LANGUAGE_STANDARD = gnu17;
				GCC_DYNAMIC_NO_PIC = NO;
				GCC_NO_COMMON_BLOCKS = YES;
				GCC_OPTIMIZATION_LEVEL = 0;
				GCC_PREPROCESSOR_DEFINITIONS = (
					"DEBUG=1",
					"$(inherited)",
				);
				GCC_WARN_64_TO_32_BIT_CONVERSION = YES;
				GCC_WARN_ABOUT_RETURN_TYPE = YES_ERROR;
				GCC_WARN_UNDECLARED_SELECTOR = YES;
				GCC_WARN_UNINITIALIZED_AUTOS = YES_AGGRESSIVE;
				GCC_WARN_UNUSED_FUNCTION = YES;
				GCC_WARN_UNUSED_VARIABLE = YES;
				IPHONEOS_DEPLOYMENT_TARGET = 26.0;
				LOCALIZATION_PREFERS_STRING_CATALOGS = YES;
				MTL_ENABLE_DEBUG_INFO = INCLUDE_SOURCE;
				MTL_FAST_MATH = YES;
				ONLY_ACTIVE_ARCH = YES;
				SDKROOT = iphoneos;
				SWIFT_ACTIVE_COMPILATION_CONDITIONS = "DEBUG $(inherited)";
				SWIFT_OPTIMIZATION_LEVEL = "-Onone";
			};
			name = Debug;
		};
		A3BE95402DFFC8D900DB9004 /* Release */ = {
			isa = XCBuildConfiguration;
			buildSettings = {
				ALWAYS_SEARCH_USER_PATHS = NO;
				ASSETCATALOG_COMPILER_GENERATE_SWIFT_ASSET_SYMBOL_EXTENSIONS = YES;
				CLANG_ANALYZER_NONNULL = YES;
				CLANG_ANALYZER_NUMBER_OBJECT_CONVERSION = YES_AGGRESSIVE;
				CLANG_CXX_LANGUAGE_STANDARD = "gnu++20";
				CLANG_ENABLE_MODULES = YES;
				CLANG_ENABLE_OBJC_ARC = YES;
				CLANG_ENABLE_OBJC_WEAK = YES;
				CLANG_WARN_BLOCK_CAPTURE_AUTORELEASING = YES;
				CLANG_WARN_BOOL_CONVERSION = YES;
				CLANG_WARN_COMMA = YES;
				CLANG_WARN_CONSTANT_CONVERSION = YES;
				CLANG_WARN_DEPRECATED_OBJC_IMPLEMENTATIONS = YES;
				CLANG_WARN_DIRECT_OBJC_ISA_USAGE = YES_ERROR;
				CLANG_WARN_DOCUMENTATION_COMMENTS = YES;
				CLANG_WARN_EMPTY_BODY = YES;
				CLANG_WARN_ENUM_CONVERSION = YES;
				CLANG_WARN_INFINITE_RECURSION = YES;
				CLANG_WARN_INT_CONVERSION = YES;
				CLANG_WARN_NON_LITERAL_NULL_CONVERSION = YES;
				CLANG_WARN_OBJC_IMPLICIT_RETAIN_SELF = YES;
				CLANG_WARN_OBJC_LITERAL_CONVERSION = YES;
				CLANG_WARN_OBJC_ROOT_CLASS = YES_ERROR;
				CLANG_WARN_QUOTED_INCLUDE_IN_FRAMEWORK_HEADER = YES;
				CLANG_WARN_RANGE_LOOP_ANALYSIS = YES;
				CLANG_WARN_STRICT_PROTOTYPES = YES;
				CLANG_WARN_SUSPICIOUS_MOVE = YES;
				CLANG_WARN_UNGUARDED_AVAILABILITY = YES_AGGRESSIVE;
				CLANG_WARN_UNREACHABLE_CODE = YES;
				CLANG_WARN__DUPLICATE_METHOD_MATCH = YES;
				COPY_PHASE_STRIP = NO;
				DEBUG_INFORMATION_FORMAT = "dwarf-with-dsym";
				DEVELOPMENT_TEAM = N7Y49H98S3;
				ENABLE_NS_ASSERTIONS = NO;
				ENABLE_STRICT_OBJC_MSGSEND = YES;
				ENABLE_USER_SCRIPT_SANDBOXING = YES;
				GCC_C_LANGUAGE_STANDARD = gnu17;
				GCC_NO_COMMON_BLOCKS = YES;
				GCC_WARN_64_TO_32_BIT_CONVERSION = YES;
				GCC_WARN_ABOUT_RETURN_TYPE = YES_ERROR;
				GCC_WARN_UNDECLARED_SELECTOR = YES;
				GCC_WARN_UNINITIALIZED_AUTOS = YES_AGGRESSIVE;
				GCC_WARN_UNUSED_FUNCTION = YES;
				GCC_WARN_UNUSED_VARIABLE = YES;
				IPHONEOS_DEPLOYMENT_TARGET = 26.0;
				LOCALIZATION_PREFERS_STRING_CATALOGS = YES;
				MTL_ENABLE_DEBUG_INFO = NO;
				MTL_FAST_MATH = YES;
				SDKROOT = iphoneos;
				SWIFT_COMPILATION_MODE = wholemodule;
				VALIDATE_PRODUCT = YES;
			};
			name = Release;
		};
		A3BE95422DFFC8D900DB9004 /* Debug */ = {
			isa = XCBuildConfiguration;
			buildSettings = {
				ASSETCATALOG_COMPILER_APPICON_NAME = AppIcon;
				ASSETCATALOG_COMPILER_GLOBAL_ACCENT_COLOR_NAME = AccentColor;
				CODE_SIGN_STYLE = Automatic;
				CURRENT_PROJECT_VERSION = 1;
				DEVELOPMENT_TEAM = N7Y49H98S3;
				ENABLE_PREVIEWS = YES;
				GENERATE_INFOPLIST_FILE = YES;
				INFOPLIST_KEY_UIApplicationSceneManifest_Generation = YES;
				INFOPLIST_KEY_UIApplicationSupportsIndirectInputEvents = YES;
				INFOPLIST_KEY_UILaunchScreen_Generation = YES;
				INFOPLIST_KEY_UISupportedInterfaceOrientations_iPad = "UIInterfaceOrientationPortrait UIInterfaceOrientationPortraitUpsideDown UIInterfaceOrientationLandscapeLeft UIInterfaceOrientationLandscapeRight";
				INFOPLIST_KEY_UISupportedInterfaceOrientations_iPhone = "UIInterfaceOrientationPortrait UIInterfaceOrientationLandscapeLeft UIInterfaceOrientationLandscapeRight";
				LD_RUNPATH_SEARCH_PATHS = (
					"$(inherited)",
					"@executable_path/Frameworks",
				);
				MARKETING_VERSION = 1.0;
				PRODUCT_BUNDLE_IDENTIFIER = Gurkirt.DriveSafe;
				PRODUCT_NAME = "$(TARGET_NAME)";
				STRING_CATALOG_GENERATE_SYMBOLS = YES;
				SWIFT_DEFAULT_ACTOR_ISOLATION = MainActor;
				SWIFT_EMIT_LOC_STRINGS = YES;
				SWIFT_UPCOMING_FEATURE_MEMBER_IMPORT_VISIBILITY = YES;
				SWIFT_VERSION = 6.0;
				TARGETED_DEVICE_FAMILY = "1,2";
			};
			name = Debug;
		};
		A3BE95432DFFC8D900DB9004 /* Release */ = {
			isa = XCBuildConfiguration;
			buildSettings = {
				ASSETCATALOG_COMPILER_APPICON_NAME = AppIcon;
				ASSETCATALOG_COMPILER_GLOBAL_ACCENT_COLOR_NAME = AccentColor;
				CODE_SIGN_STYLE = Automatic;
				CURRENT_PROJECT_VERSION = 1;
				DEVELOPMENT_TEAM = N7Y49H98S3;
				ENABLE_PREVIEWS = YES;
				GENERATE_INFOPLIST_FILE = YES;
				INFOPLIST_KEY_UIApplicationSceneManifest_Generation = YES;
				INFOPLIST_KEY_UIApplicationSupportsIndirectInputEvents = YES;
				INFOPLIST_KEY_UILaunchScreen_Generation = YES;
				INFOPLIST_KEY_UISupportedInterfaceOrientations_iPad = "UIInterfaceOrientationPortrait UIInterfaceOrientationPortraitUpsideDown UIInterfaceOrientationLandscapeLeft UIInterfaceOrientationLandscapeRight";
				INFOPLIST_KEY_UISupportedInterfaceOrientations_iPhone = "UIInterfaceOrientationPortrait UIInterfaceOrientationLandscapeLeft UIInterfaceOrientationLandscapeRight";
				LD_RUNPATH_SEARCH_PATHS = (
					"$(inherited)",
					"@executable_path/Frameworks",
				);
				MARKETING_VERSION = 1.0;
				PRODUCT_BUNDLE_IDENTIFIER = Gurkirt.DriveSafe;
				PRODUCT_NAME = "$(TARGET_NAME)";
				STRING_CATALOG_GENERATE_SYMBOLS = YES;
				SWIFT_DEFAULT_ACTOR_ISOLATION = MainActor;
				SWIFT_EMIT_LOC_STRINGS = YES;
				SWIFT_UPCOMING_FEATURE_MEMBER_IMPORT_VISIBILITY = YES;
				SWIFT_VERSION = 6.0;
				TARGETED_DEVICE_FAMILY = "1,2";
			};
			name = Release;
		};
		A3BE95452DFFC8D900DB9004 /* Debug */ = {
			isa = XCBuildConfiguration;
			buildSettings = {
				BUNDLE_LOADER = "$(TEST_HOST)";
				CODE_SIGN_STYLE = Automatic;
				CURRENT_PROJECT_VERSION = 1;
				DEVELOPMENT_TEAM = N7Y49H98S3;
				GENERATE_INFOPLIST_FILE = YES;
				IPHONEOS_DEPLOYMENT_TARGET = 26.0;
				MARKETING_VERSION = 1.0;
				PRODUCT_BUNDLE_IDENTIFIER = Gurkirt.DriveSafeTests;
				PRODUCT_NAME = "$(TARGET_NAME)";
				STRING_CATALOG_GENERATE_SYMBOLS = NO;
				SWIFT_EMIT_LOC_STRINGS = NO;
				SWIFT_UPCOMING_FEATURE_MEMBER_IMPORT_VISIBILITY = YES;
				SWIFT_VERSION = 5.0;
				TARGETED_DEVICE_FAMILY = "1,2";
				TEST_HOST = "$(BUILT_PRODUCTS_DIR)/DriveSafe.app/$(BUNDLE_EXECUTABLE_FOLDER_PATH)/DriveSafe";
			};
			name = Debug;
		};
		A3BE95462DFFC8D900DB9004 /* Release */ = {
			isa = XCBuildConfiguration;
			buildSettings = {
				BUNDLE_LOADER = "$(TEST_HOST)";
				CODE_SIGN_STYLE = Automatic;
				CURRENT_PROJECT_VERSION = 1;
				DEVELOPMENT_TEAM = N7Y49H98S3;
				GENERATE_INFOPLIST_FILE = YES;
				IPHONEOS_DEPLOYMENT_TARGET = 26.0;
				MARKETING_VERSION = 1.0;
				PRODUCT_BUNDLE_IDENTIFIER = Gurkirt.DriveSafeTests;
				PRODUCT_NAME = "$(TARGET_NAME)";
				STRING_CATALOG_GENERATE_SYMBOLS = NO;
				SWIFT_EMIT_LOC_STRINGS = NO;
				SWIFT_UPCOMING_FEATURE_MEMBER_IMPORT_VISIBILITY = YES;
				SWIFT_VERSION = 5.0;
				TARGETED_DEVICE_FAMILY = "1,2";
				TEST_HOST = "$(BUILT_PRODUCTS_DIR)/DriveSafe.app/$(BUNDLE_EXECUTABLE_FOLDER_PATH)/DriveSafe";
			};
			name = Release;
		};
		A3BE95482DFFC8D900DB9004 /* Debug */ = {
			isa = XCBuildConfiguration;
			buildSettings = {
				CODE_SIGN_STYLE = Automatic;
				CURRENT_PROJECT_VERSION = 1;
				DEVELOPMENT_TEAM = N7Y49H98S3;
				GENERATE_INFOPLIST_FILE = YES;
				MARKETING_VERSION = 1.0;
				PRODUCT_BUNDLE_IDENTIFIER = Gurkirt.DriveSafeUITests;
				PRODUCT_NAME = "$(TARGET_NAME)";
				STRING_CATALOG_GENERATE_SYMBOLS = NO;
				SWIFT_EMIT_LOC_STRINGS = NO;
				SWIFT_UPCOMING_FEATURE_MEMBER_IMPORT_VISIBILITY = YES;
				SWIFT_VERSION = 5.0;
				TARGETED_DEVICE_FAMILY = "1,2";
				TEST_TARGET_NAME = DriveSafe;
			};
			name = Debug;
		};
		A3BE95492DFFC8D900DB9004 /* Release */ = {
			isa = XCBuildConfiguration;
			buildSettings = {
				CODE_SIGN_STYLE = Automatic;
				CURRENT_PROJECT_VERSION = 1;
				DEVELOPMENT_TEAM = N7Y49H98S3;
				GENERATE_INFOPLIST_FILE = YES;
				MARKETING_VERSION = 1.0;
				PRODUCT_BUNDLE_IDENTIFIER = Gurkirt.DriveSafeUITests;
				PRODUCT_NAME = "$(TARGET_NAME)";
				STRING_CATALOG_GENERATE_SYMBOLS = NO;
				SWIFT_EMIT_LOC_STRINGS = NO;
				SWIFT_UPCOMING_FEATURE_MEMBER_IMPORT_VISIBILITY = YES;
				SWIFT_VERSION = 5.0;
				TARGETED_DEVICE_FAMILY = "1,2";
				TEST_TARGET_NAME = DriveSafe;
			};
			name = Release;
		};
/* End XCBuildConfiguration section */

/* Begin XCConfigurationList section */
		A3BE951B2DFFC8D800DB9004 /* Build configuration list for PBXProject "DriveSafe" */ = {
			isa = XCConfigurationList;
			buildConfigurations = (
				A3BE953F2DFFC8D900DB9004 /* Debug */,
				A3BE95402DFFC8D900DB9004 /* Release */,
			);
			defaultConfigurationIsVisible = 0;
			defaultConfigurationName = Release;
		};
		A3BE95412DFFC8D900DB9004 /* Build configuration list for PBXNativeTarget "DriveSafe" */ = {
			isa = XCConfigurationList;
			buildConfigurations = (
				A3BE95422DFFC8D900DB9004 /* Debug */,
				A3BE95432DFFC8D900DB9004 /* Release */,
			);
			defaultConfigurationIsVisible = 0;
			defaultConfigurationName = Release;
		};
		A3BE95442DFFC8D900DB9004 /* Build configuration list for PBXNativeTarget "DriveSafeTests" */ = {
			isa = XCConfigurationList;
			buildConfigurations = (
				A3BE95452DFFC8D900DB9004 /* Debug */,
				A3BE95462DFFC8D900DB9004 /* Release */,
			);
			defaultConfigurationIsVisible = 0;
			defaultConfigurationName = Release;
		};
		A3BE95472DFFC8D900DB9004 /* Build configuration list for PBXNativeTarget "DriveSafeUITests" */ = {
			isa = XCConfigurationList;
			buildConfigurations = (
				A3BE95482DFFC8D900DB9004 /* Debug */,
				A3BE95492DFFC8D900DB9004 /* Release */,
			);
			defaultConfigurationIsVisible = 0;
			defaultConfigurationName = Release;
		};
/* End XCConfigurationList section */
	};
	rootObject = A3BE95182DFFC8D800DB9004 /* Project object */;
}
